
Microsoft Visual Studio Solution File, Format Version 12.00
# Visual Studio Version 16
VisualStudioVersion = 16.0.30011.22
MinimumVisualStudioVersion = 10.0.40219.1
Project("{FAE04EC0-301F-11D3-BF4B-00C04F79EFBC}") = "Zadanie7", "Zadanie7\Zadanie7.csproj", "{31E7F5F3-A287-438B-90AA-594504E615F3}"
EndProject
Global
	GlobalSection(SolutionConfigurationPlatforms) = preSolution
		Debug|Any CPU = Debug|Any CPU
		Release|Any CPU = Release|Any CPU
	EndGlobalSection
	GlobalSection(ProjectConfigurationPlatforms) = postSolution
		{31E7F5F3-A287-438B-90AA-594504E615F3}.Debug|Any CPU.ActiveCfg = Debug|Any CPU
		{31E7F5F3-A287-438B-90AA-594504E615F3}.Debug|Any CPU.Build.0 = Debug|Any CPU
		{31E7F5F3-A287-438B-90AA-594504E615F3}.Release|Any CPU.ActiveCfg = Release|Any CPU
		{31E7F5F3-A287-438B-90AA-594504E615F3}.Release|Any CPU.Build.0 = Release|Any CPU
	EndGlobalSection
	GlobalSection(SolutionProperties) = preSolution
		HideSolutionNode = FALSE
	EndGlobalSection
	GlobalSection(ExtensibilityGlobals) = postSolution
		SolutionGuid = {6FF009E4-6BFB-43BA-841D-4CCC46E83625}
	EndGlobalSection
EndGlobal
